// !$*UTF8*$!
{
	archiveVersion = 1;
	classes = {
	};
	objectVersion = 46;
	objects = {

/* Begin PBXBuildFile section */
		49080A251418EDA50092F580 /* Cocoa.framework in Frameworks */ = {isa = PBXBuildFile; fileRef = 49080A241418EDA50092F580 /* Cocoa.framework */; };
		49080A2F1418EDA60092F580 /* InfoPlist.strings in Resources */ = {isa = PBXBuildFile; fileRef = 49080A2D1418EDA60092F580 /* InfoPlist.strings */; };
		49080A311418EDA60092F580 /* main.m in Sources */ = {isa = PBXBuildFile; fileRef = 49080A301418EDA60092F580 /* main.m */; };
		49080A351418EDA60092F580 /* Credits.rtf in Resources */ = {isa = PBXBuildFile; fileRef = 49080A331418EDA60092F580 /* Credits.rtf */; };
		49080A381418EDA60092F580 /* Document.m in Sources */ = {isa = PBXBuildFile; fileRef = 49080A371418EDA60092F580 /* Document.m */; };
		49080A411418EDA60092F580 /* Document.xcdatamodeld in Sources */ = {isa = PBXBuildFile; fileRef = 49080A3F1418EDA60092F580 /* Document.xcdatamodeld */; };
		49080A491418EDA70092F580 /* SenTestingKit.framework in Frameworks */ = {isa = PBXBuildFile; fileRef = 49080A481418EDA70092F580 /* SenTestingKit.framework */; };
		49080A4A1418EDA70092F580 /* Cocoa.framework in Frameworks */ = {isa = PBXBuildFile; fileRef = 49080A241418EDA50092F580 /* Cocoa.framework */; };
		49080A521418EDA70092F580 /* InfoPlist.strings in Resources */ = {isa = PBXBuildFile; fileRef = 49080A501418EDA70092F580 /* InfoPlist.strings */; };
		49080A551418EDA70092F580 /* StrawberryTests.m in Sources */ = {isa = PBXBuildFile; fileRef = 49080A541418EDA70092F580 /* StrawberryTests.m */; };
		490BB5791425488900C447E4 /* ProjectWindowController.m in Sources */ = {isa = PBXBuildFile; fileRef = 490BB5781425488900C447E4 /* ProjectWindowController.m */; };
		490BB57C1425494000C447E4 /* DocumentWindowController.m in Sources */ = {isa = PBXBuildFile; fileRef = 490BB57B1425494000C447E4 /* DocumentWindowController.m */; };
		490BB57F1425496A00C447E4 /* DocumentController.m in Sources */ = {isa = PBXBuildFile; fileRef = 490BB57E1425496A00C447E4 /* DocumentController.m */; };
		490BB582142641F400C447E4 /* MainIcon.icns in Resources */ = {isa = PBXBuildFile; fileRef = 490BB581142641F400C447E4 /* MainIcon.icns */; };
		491A07FC1422DB5900959CFA /* PSMTabBarControl.framework in Frameworks */ = {isa = PBXBuildFile; fileRef = 491A07FB1422DB5900959CFA /* PSMTabBarControl.framework */; };
		491A08051422ED4E00959CFA /* PSMTabBarControl.framework in CopyFiles */ = {isa = PBXBuildFile; fileRef = 491A07FB1422DB5900959CFA /* PSMTabBarControl.framework */; };
		4935BB6F142A2FCF00BE3F49 /* WindowController.m in Sources */ = {isa = PBXBuildFile; fileRef = 4935BB6E142A2FCF00BE3F49 /* WindowController.m */; };
		4935BB7F142B78AF00BE3F49 /* LVColorWellCell.m in Sources */ = {isa = PBXBuildFile; fileRef = 4935BB7E142B78AF00BE3F49 /* LVColorWellCell.m */; };
		49DEEEE714280B3000F97C1B /* NoodleLineNumberMarker.m in Sources */ = {isa = PBXBuildFile; fileRef = 49DEEEE414280B3000F97C1B /* NoodleLineNumberMarker.m */; };
		49DEEEE814280B3000F97C1B /* NoodleLineNumberView.m in Sources */ = {isa = PBXBuildFile; fileRef = 49DEEEE614280B3000F97C1B /* NoodleLineNumberView.m */; };
		49DEEEEB14280C5000F97C1B /* MarkerLineNumberView.m in Sources */ = {isa = PBXBuildFile; fileRef = 49DEEEEA14280C5000F97C1B /* MarkerLineNumberView.m */; };
		49DEEEFC1428EEAE00F97C1B /* DBPrefsWindowController.m in Sources */ = {isa = PBXBuildFile; fileRef = 49DEEEFB1428EEAE00F97C1B /* DBPrefsWindowController.m */; };
		49DEEEFF1428EEE600F97C1B /* PrefsWindowController.m in Sources */ = {isa = PBXBuildFile; fileRef = 49DEEEFE1428EEE600F97C1B /* PrefsWindowController.m */; };
		49F5129A1428F5A1000FCA43 /* AppController.m in Sources */ = {isa = PBXBuildFile; fileRef = 49F512991428F5A1000FCA43 /* AppController.m */; };
		49F512C8142B93C8000FCA43 /* Document.xib in Resources */ = {isa = PBXBuildFile; fileRef = 49F512C5142B93C8000FCA43 /* Document.xib */; };
		49F512C9142B93C8000FCA43 /* MainMenu.xib in Resources */ = {isa = PBXBuildFile; fileRef = 49F512C6142B93C8000FCA43 /* MainMenu.xib */; };
		49F512CA142B93C8000FCA43 /* Project.xib in Resources */ = {isa = PBXBuildFile; fileRef = 49F512C7142B93C8000FCA43 /* Project.xib */; };
		49F512CE142B94DF000FCA43 /* PrefAdvanced.xib in Resources */ = {isa = PBXBuildFile; fileRef = 49F512CB142B94DF000FCA43 /* PrefAdvanced.xib */; };
		49F512CF142B94DF000FCA43 /* PrefGeneral.xib in Resources */ = {isa = PBXBuildFile; fileRef = 49F512CC142B94DF000FCA43 /* PrefGeneral.xib */; };
		49F512D0142B94DF000FCA43 /* PrefThemes.xib in Resources */ = {isa = PBXBuildFile; fileRef = 49F512CD142B94DF000FCA43 /* PrefThemes.xib */; };
		49F512D6142B9573000FCA43 /* PrefAdvancedController.m in Sources */ = {isa = PBXBuildFile; fileRef = 49F512D5142B9573000FCA43 /* PrefAdvancedController.m */; };
		49F512D9142B9582000FCA43 /* PrefThemesController.m in Sources */ = {isa = PBXBuildFile; fileRef = 49F512D8142B9582000FCA43 /* PrefThemesController.m */; };
		49F512DC142B9653000FCA43 /* PrefController.m in Sources */ = {isa = PBXBuildFile; fileRef = 49F512DB142B9653000FCA43 /* PrefController.m */; };
		49F512E0142BF9B7000FCA43 /* PrefGeneralController.m in Sources */ = {isa = PBXBuildFile; fileRef = 49F512DF142BF9B7000FCA43 /* PrefGeneralController.m */; };
/* End PBXBuildFile section */

/* Begin PBXContainerItemProxy section */
		49080A4B1418EDA70092F580 /* PBXContainerItemProxy */ = {
			isa = PBXContainerItemProxy;
			containerPortal = 49080A171418EDA50092F580 /* Project object */;
			proxyType = 1;
			remoteGlobalIDString = 49080A1F1418EDA50092F580;
			remoteInfo = Strawberry;
		};
/* End PBXContainerItemProxy section */

/* Begin PBXCopyFilesBuildPhase section */
		491A08041422ED3100959CFA /* CopyFiles */ = {
			isa = PBXCopyFilesBuildPhase;
			buildActionMask = 2147483647;
			dstPath = "";
			dstSubfolderSpec = 10;
			files = (
				491A08051422ED4E00959CFA /* PSMTabBarControl.framework in CopyFiles */,
			);
			runOnlyForDeploymentPostprocessing = 0;
		};
/* End PBXCopyFilesBuildPhase section */

/* Begin PBXFileReference section */
		49080A201418EDA50092F580 /* Strawberry.app */ = {isa = PBXFileReference; explicitFileType = wrapper.application; includeInIndex = 0; path = Strawberry.app; sourceTree = BUILT_PRODUCTS_DIR; };
		49080A241418EDA50092F580 /* Cocoa.framework */ = {isa = PBXFileReference; lastKnownFileType = wrapper.framework; name = Cocoa.framework; path = System/Library/Frameworks/Cocoa.framework; sourceTree = SDKROOT; };
		49080A271418EDA50092F580 /* AppKit.framework */ = {isa = PBXFileReference; lastKnownFileType = wrapper.framework; name = AppKit.framework; path = System/Library/Frameworks/AppKit.framework; sourceTree = SDKROOT; };
		49080A281418EDA50092F580 /* CoreData.framework */ = {isa = PBXFileReference; lastKnownFileType = wrapper.framework; name = CoreData.framework; path = System/Library/Frameworks/CoreData.framework; sourceTree = SDKROOT; };
		49080A291418EDA50092F580 /* Foundation.framework */ = {isa = PBXFileReference; lastKnownFileType = wrapper.framework; name = Foundation.framework; path = System/Library/Frameworks/Foundation.framework; sourceTree = SDKROOT; };
		49080A2C1418EDA50092F580 /* Strawberry-Info.plist */ = {isa = PBXFileReference; lastKnownFileType = text.plist.xml; path = "Strawberry-Info.plist"; sourceTree = "<group>"; };
		49080A2E1418EDA60092F580 /* en */ = {isa = PBXFileReference; lastKnownFileType = text.plist.strings; name = en; path = en.lproj/InfoPlist.strings; sourceTree = "<group>"; };
		49080A301418EDA60092F580 /* main.m */ = {isa = PBXFileReference; lastKnownFileType = sourcecode.c.objc; path = main.m; sourceTree = "<group>"; };
		49080A321418EDA60092F580 /* Strawberry-Prefix.pch */ = {isa = PBXFileReference; lastKnownFileType = sourcecode.c.h; path = "Strawberry-Prefix.pch"; sourceTree = "<group>"; };
		49080A341418EDA60092F580 /* en */ = {isa = PBXFileReference; lastKnownFileType = text.rtf; name = en; path = en.lproj/Credits.rtf; sourceTree = "<group>"; };
		49080A361418EDA60092F580 /* Document.h */ = {isa = PBXFileReference; lastKnownFileType = sourcecode.c.h; path = Document.h; sourceTree = "<group>"; };
		49080A371418EDA60092F580 /* Document.m */ = {isa = PBXFileReference; lastKnownFileType = sourcecode.c.objc; path = Document.m; sourceTree = "<group>"; };
		49080A401418EDA60092F580 /* Document.xcdatamodel */ = {isa = PBXFileReference; lastKnownFileType = wrapper.xcdatamodel; path = Document.xcdatamodel; sourceTree = "<group>"; };
		49080A471418EDA70092F580 /* StrawberryTests.octest */ = {isa = PBXFileReference; explicitFileType = wrapper.cfbundle; includeInIndex = 0; path = StrawberryTests.octest; sourceTree = BUILT_PRODUCTS_DIR; };
		49080A481418EDA70092F580 /* SenTestingKit.framework */ = {isa = PBXFileReference; lastKnownFileType = wrapper.framework; name = SenTestingKit.framework; path = Library/Frameworks/SenTestingKit.framework; sourceTree = DEVELOPER_DIR; };
		49080A4F1418EDA70092F580 /* StrawberryTests-Info.plist */ = {isa = PBXFileReference; lastKnownFileType = text.plist.xml; path = "StrawberryTests-Info.plist"; sourceTree = "<group>"; };
		49080A511418EDA70092F580 /* en */ = {isa = PBXFileReference; lastKnownFileType = text.plist.strings; name = en; path = en.lproj/InfoPlist.strings; sourceTree = "<group>"; };
		49080A531418EDA70092F580 /* StrawberryTests.h */ = {isa = PBXFileReference; lastKnownFileType = sourcecode.c.h; path = StrawberryTests.h; sourceTree = "<group>"; };
		49080A541418EDA70092F580 /* StrawberryTests.m */ = {isa = PBXFileReference; lastKnownFileType = sourcecode.c.objc; path = StrawberryTests.m; sourceTree = "<group>"; };
		490BB5771425488900C447E4 /* ProjectWindowController.h */ = {isa = PBXFileReference; fileEncoding = 4; lastKnownFileType = sourcecode.c.h; path = ProjectWindowController.h; sourceTree = "<group>"; };
		490BB5781425488900C447E4 /* ProjectWindowController.m */ = {isa = PBXFileReference; fileEncoding = 4; lastKnownFileType = sourcecode.c.objc; path = ProjectWindowController.m; sourceTree = "<group>"; };
		490BB57A1425494000C447E4 /* DocumentWindowController.h */ = {isa = PBXFileReference; fileEncoding = 4; lastKnownFileType = sourcecode.c.h; path = DocumentWindowController.h; sourceTree = "<group>"; };
		490BB57B1425494000C447E4 /* DocumentWindowController.m */ = {isa = PBXFileReference; fileEncoding = 4; lastKnownFileType = sourcecode.c.objc; path = DocumentWindowController.m; sourceTree = "<group>"; };
		490BB57D1425496A00C447E4 /* DocumentController.h */ = {isa = PBXFileReference; fileEncoding = 4; lastKnownFileType = sourcecode.c.h; path = DocumentController.h; sourceTree = "<group>"; };
		490BB57E1425496A00C447E4 /* DocumentController.m */ = {isa = PBXFileReference; fileEncoding = 4; lastKnownFileType = sourcecode.c.objc; path = DocumentController.m; sourceTree = "<group>"; };
		490BB581142641F400C447E4 /* MainIcon.icns */ = {isa = PBXFileReference; lastKnownFileType = image.icns; path = MainIcon.icns; sourceTree = SOURCE_ROOT; };
		491A07FB1422DB5900959CFA /* PSMTabBarControl.framework */ = {isa = PBXFileReference; lastKnownFileType = wrapper.framework; name = PSMTabBarControl.framework; path = Frameworks/PSMTabBarControl.framework; sourceTree = "<group>"; };
		4935BB6D142A2FCF00BE3F49 /* WindowController.h */ = {isa = PBXFileReference; fileEncoding = 4; lastKnownFileType = sourcecode.c.h; path = WindowController.h; sourceTree = "<group>"; };
		4935BB6E142A2FCF00BE3F49 /* WindowController.m */ = {isa = PBXFileReference; fileEncoding = 4; lastKnownFileType = sourcecode.c.objc; path = WindowController.m; sourceTree = "<group>"; };
		4935BB7D142B78AF00BE3F49 /* LVColorWellCell.h */ = {isa = PBXFileReference; fileEncoding = 4; lastKnownFileType = sourcecode.c.h; path = LVColorWellCell.h; sourceTree = "<group>"; };
		4935BB7E142B78AF00BE3F49 /* LVColorWellCell.m */ = {isa = PBXFileReference; fileEncoding = 4; lastKnownFileType = sourcecode.c.objc; path = LVColorWellCell.m; sourceTree = "<group>"; };
		49DEEEE314280B3000F97C1B /* NoodleLineNumberMarker.h */ = {isa = PBXFileReference; fileEncoding = 4; lastKnownFileType = sourcecode.c.h; name = NoodleLineNumberMarker.h; path = NoodleLineNumber/NoodleLineNumberMarker.h; sourceTree = "<group>"; };
		49DEEEE414280B3000F97C1B /* NoodleLineNumberMarker.m */ = {isa = PBXFileReference; fileEncoding = 4; lastKnownFileType = sourcecode.c.objc; name = NoodleLineNumberMarker.m; path = NoodleLineNumber/NoodleLineNumberMarker.m; sourceTree = "<group>"; };
		49DEEEE514280B3000F97C1B /* NoodleLineNumberView.h */ = {isa = PBXFileReference; fileEncoding = 4; lastKnownFileType = sourcecode.c.h; name = NoodleLineNumberView.h; path = NoodleLineNumber/NoodleLineNumberView.h; sourceTree = "<group>"; };
		49DEEEE614280B3000F97C1B /* NoodleLineNumberView.m */ = {isa = PBXFileReference; fileEncoding = 4; lastKnownFileType = sourcecode.c.objc; name = NoodleLineNumberView.m; path = NoodleLineNumber/NoodleLineNumberView.m; sourceTree = "<group>"; };
		49DEEEE914280C5000F97C1B /* MarkerLineNumberView.h */ = {isa = PBXFileReference; fileEncoding = 4; lastKnownFileType = sourcecode.c.h; name = MarkerLineNumberView.h; path = NoodleLineNumber/MarkerLineNumberView.h; sourceTree = "<group>"; };
		49DEEEEA14280C5000F97C1B /* MarkerLineNumberView.m */ = {isa = PBXFileReference; fileEncoding = 4; lastKnownFileType = sourcecode.c.objc; name = MarkerLineNumberView.m; path = NoodleLineNumber/MarkerLineNumberView.m; sourceTree = "<group>"; };
		49DEEEFA1428EEAE00F97C1B /* DBPrefsWindowController.h */ = {isa = PBXFileReference; fileEncoding = 4; lastKnownFileType = sourcecode.c.h; name = DBPrefsWindowController.h; path = DBPrefsWindowController/DBPrefsWindowController.h; sourceTree = "<group>"; };
		49DEEEFB1428EEAE00F97C1B /* DBPrefsWindowController.m */ = {isa = PBXFileReference; fileEncoding = 4; lastKnownFileType = sourcecode.c.objc; name = DBPrefsWindowController.m; path = DBPrefsWindowController/DBPrefsWindowController.m; sourceTree = "<group>"; };
		49DEEEFD1428EEE600F97C1B /* PrefsWindowController.h */ = {isa = PBXFileReference; fileEncoding = 4; lastKnownFileType = sourcecode.c.h; path = PrefsWindowController.h; sourceTree = "<group>"; };
		49DEEEFE1428EEE600F97C1B /* PrefsWindowController.m */ = {isa = PBXFileReference; fileEncoding = 4; lastKnownFileType = sourcecode.c.objc; path = PrefsWindowController.m; sourceTree = "<group>"; };
		49F512981428F5A1000FCA43 /* AppController.h */ = {isa = PBXFileReference; fileEncoding = 4; lastKnownFileType = sourcecode.c.h; path = AppController.h; sourceTree = "<group>"; };
		49F512991428F5A1000FCA43 /* AppController.m */ = {isa = PBXFileReference; fileEncoding = 4; lastKnownFileType = sourcecode.c.objc; path = AppController.m; sourceTree = "<group>"; };
		49F512C5142B93C8000FCA43 /* Document.xib */ = {isa = PBXFileReference; fileEncoding = 4; lastKnownFileType = file.xib; path = Document.xib; sourceTree = "<group>"; };
		49F512C6142B93C8000FCA43 /* MainMenu.xib */ = {isa = PBXFileReference; fileEncoding = 4; lastKnownFileType = file.xib; path = MainMenu.xib; sourceTree = "<group>"; };
		49F512C7142B93C8000FCA43 /* Project.xib */ = {isa = PBXFileReference; fileEncoding = 4; lastKnownFileType = file.xib; path = Project.xib; sourceTree = "<group>"; };
		49F512CB142B94DF000FCA43 /* PrefAdvanced.xib */ = {isa = PBXFileReference; fileEncoding = 4; lastKnownFileType = file.xib; path = PrefAdvanced.xib; sourceTree = "<group>"; };
		49F512CC142B94DF000FCA43 /* PrefGeneral.xib */ = {isa = PBXFileReference; fileEncoding = 4; lastKnownFileType = file.xib; path = PrefGeneral.xib; sourceTree = "<group>"; };
		49F512CD142B94DF000FCA43 /* PrefThemes.xib */ = {isa = PBXFileReference; fileEncoding = 4; lastKnownFileType = file.xib; path = PrefThemes.xib; sourceTree = "<group>"; };
		49F512D4142B9573000FCA43 /* PrefAdvancedController.h */ = {isa = PBXFileReference; fileEncoding = 4; lastKnownFileType = sourcecode.c.h; path = PrefAdvancedController.h; sourceTree = "<group>"; };
		49F512D5142B9573000FCA43 /* PrefAdvancedController.m */ = {isa = PBXFileReference; fileEncoding = 4; lastKnownFileType = sourcecode.c.objc; path = PrefAdvancedController.m; sourceTree = "<group>"; };
		49F512D7142B9582000FCA43 /* PrefThemesController.h */ = {isa = PBXFileReference; fileEncoding = 4; lastKnownFileType = sourcecode.c.h; path = PrefThemesController.h; sourceTree = "<group>"; };
		49F512D8142B9582000FCA43 /* PrefThemesController.m */ = {isa = PBXFileReference; fileEncoding = 4; lastKnownFileType = sourcecode.c.objc; path = PrefThemesController.m; sourceTree = "<group>"; };
		49F512DA142B9653000FCA43 /* PrefController.h */ = {isa = PBXFileReference; fileEncoding = 4; lastKnownFileType = sourcecode.c.h; path = PrefController.h; sourceTree = "<group>"; };
		49F512DB142B9653000FCA43 /* PrefController.m */ = {isa = PBXFileReference; fileEncoding = 4; lastKnownFileType = sourcecode.c.objc; path = PrefController.m; sourceTree = "<group>"; };
		49F512DE142BF9B6000FCA43 /* PrefGeneralController.h */ = {isa = PBXFileReference; fileEncoding = 4; lastKnownFileType = sourcecode.c.h; path = PrefGeneralController.h; sourceTree = "<group>"; };
		49F512DF142BF9B7000FCA43 /* PrefGeneralController.m */ = {isa = PBXFileReference; fileEncoding = 4; lastKnownFileType = sourcecode.c.objc; path = PrefGeneralController.m; sourceTree = "<group>"; };
/* End PBXFileReference section */

/* Begin PBXFrameworksBuildPhase section */
		49080A1D1418EDA50092F580 /* Frameworks */ = {
			isa = PBXFrameworksBuildPhase;
			buildActionMask = 2147483647;
			files = (
				49080A251418EDA50092F580 /* Cocoa.framework in Frameworks */,
				491A07FC1422DB5900959CFA /* PSMTabBarControl.framework in Frameworks */,
			);
			runOnlyForDeploymentPostprocessing = 0;
		};
		49080A431418EDA70092F580 /* Frameworks */ = {
			isa = PBXFrameworksBuildPhase;
			buildActionMask = 2147483647;
			files = (
				49080A491418EDA70092F580 /* SenTestingKit.framework in Frameworks */,
				49080A4A1418EDA70092F580 /* Cocoa.framework in Frameworks */,
			);
			runOnlyForDeploymentPostprocessing = 0;
		};
/* End PBXFrameworksBuildPhase section */

/* Begin PBXGroup section */
		49080A151418EDA50092F580 = {
			isa = PBXGroup;
			children = (
				49080A2A1418EDA50092F580 /* Strawberry */,
				49080A4D1418EDA70092F580 /* StrawberryTests */,
				49080A231418EDA50092F580 /* Frameworks */,
				49080A211418EDA50092F580 /* Products */,
			);
			sourceTree = "<group>";
		};
		49080A211418EDA50092F580 /* Products */ = {
			isa = PBXGroup;
			children = (
				49080A201418EDA50092F580 /* Strawberry.app */,
				49080A471418EDA70092F580 /* StrawberryTests.octest */,
			);
			name = Products;
			sourceTree = "<group>";
		};
		49080A231418EDA50092F580 /* Frameworks */ = {
			isa = PBXGroup;
			children = (
				491A07FB1422DB5900959CFA /* PSMTabBarControl.framework */,
				49080A241418EDA50092F580 /* Cocoa.framework */,
				49080A481418EDA70092F580 /* SenTestingKit.framework */,
				49080A261418EDA50092F580 /* Other Frameworks */,
			);
			name = Frameworks;
			sourceTree = "<group>";
		};
		49080A261418EDA50092F580 /* Other Frameworks */ = {
			isa = PBXGroup;
			children = (
				49080A271418EDA50092F580 /* AppKit.framework */,
				49080A281418EDA50092F580 /* CoreData.framework */,
				49080A291418EDA50092F580 /* Foundation.framework */,
			);
			name = "Other Frameworks";
			sourceTree = "<group>";
		};
		49080A2A1418EDA50092F580 /* Strawberry */ = {
			isa = PBXGroup;
			children = (
				49DEEEF81428EE9A00F97C1B /* DBPrefsWindowController */,
				49DEEED714280A4300F97C1B /* NoodleLineNumber */,
				49F512DD142B9662000FCA43 /* Prefs */,
				49F512981428F5A1000FCA43 /* AppController.h */,
				49F512991428F5A1000FCA43 /* AppController.m */,
				49080A361418EDA60092F580 /* Document.h */,
				49080A371418EDA60092F580 /* Document.m */,
				490BB57D1425496A00C447E4 /* DocumentController.h */,
				490BB57E1425496A00C447E4 /* DocumentController.m */,
				490BB57A1425494000C447E4 /* DocumentWindowController.h */,
				490BB57B1425494000C447E4 /* DocumentWindowController.m */,
				4935BB7D142B78AF00BE3F49 /* LVColorWellCell.h */,
				4935BB7E142B78AF00BE3F49 /* LVColorWellCell.m */,
				490BB5771425488900C447E4 /* ProjectWindowController.h */,
				490BB5781425488900C447E4 /* ProjectWindowController.m */,
				4935BB6D142A2FCF00BE3F49 /* WindowController.h */,
				4935BB6E142A2FCF00BE3F49 /* WindowController.m */,
				490BB58014263F4800C447E4 /* Resources */,
				49080A3F1418EDA60092F580 /* Document.xcdatamodeld */,
				49080A2B1418EDA50092F580 /* Supporting Files */,
			);
			path = Strawberry;
			sourceTree = "<group>";
		};
		49080A2B1418EDA50092F580 /* Supporting Files */ = {
			isa = PBXGroup;
			children = (
				49080A2C1418EDA50092F580 /* Strawberry-Info.plist */,
				49080A2D1418EDA60092F580 /* InfoPlist.strings */,
				49080A301418EDA60092F580 /* main.m */,
				49080A321418EDA60092F580 /* Strawberry-Prefix.pch */,
				49080A331418EDA60092F580 /* Credits.rtf */,
			);
			name = "Supporting Files";
			sourceTree = "<group>";
		};
		49080A4D1418EDA70092F580 /* StrawberryTests */ = {
			isa = PBXGroup;
			children = (
				49080A531418EDA70092F580 /* StrawberryTests.h */,
				49080A541418EDA70092F580 /* StrawberryTests.m */,
				49080A4E1418EDA70092F580 /* Supporting Files */,
			);
			path = StrawberryTests;
			sourceTree = "<group>";
		};
		49080A4E1418EDA70092F580 /* Supporting Files */ = {
			isa = PBXGroup;
			children = (
				49080A4F1418EDA70092F580 /* StrawberryTests-Info.plist */,
				49080A501418EDA70092F580 /* InfoPlist.strings */,
			);
			name = "Supporting Files";
			sourceTree = "<group>";
		};
		490BB58014263F4800C447E4 /* Resources */ = {
			isa = PBXGroup;
			children = (
				49F512C5142B93C8000FCA43 /* Document.xib */,
				49F512C6142B93C8000FCA43 /* MainMenu.xib */,
				49F512CB142B94DF000FCA43 /* PrefAdvanced.xib */,
				49F512CC142B94DF000FCA43 /* PrefGeneral.xib */,
				49F512CD142B94DF000FCA43 /* PrefThemes.xib */,
				49F512C7142B93C8000FCA43 /* Project.xib */,
				490BB581142641F400C447E4 /* MainIcon.icns */,
			);
			name = Resources;
			sourceTree = "<group>";
		};
		49DEEED714280A4300F97C1B /* NoodleLineNumber */ = {
			isa = PBXGroup;
			children = (
				49DEEEE914280C5000F97C1B /* MarkerLineNumberView.h */,
				49DEEEEA14280C5000F97C1B /* MarkerLineNumberView.m */,
				49DEEEE314280B3000F97C1B /* NoodleLineNumberMarker.h */,
				49DEEEE414280B3000F97C1B /* NoodleLineNumberMarker.m */,
				49DEEEE514280B3000F97C1B /* NoodleLineNumberView.h */,
				49DEEEE614280B3000F97C1B /* NoodleLineNumberView.m */,
			);
			name = NoodleLineNumber;
			sourceTree = "<group>";
		};
		49DEEEF81428EE9A00F97C1B /* DBPrefsWindowController */ = {
			isa = PBXGroup;
			children = (
				49DEEEFA1428EEAE00F97C1B /* DBPrefsWindowController.h */,
				49DEEEFB1428EEAE00F97C1B /* DBPrefsWindowController.m */,
			);
			name = DBPrefsWindowController;
			sourceTree = "<group>";
		};
		49F512DD142B9662000FCA43 /* Prefs */ = {
			isa = PBXGroup;
			children = (
				49F512DA142B9653000FCA43 /* PrefController.h */,
				49F512DB142B9653000FCA43 /* PrefController.m */,
				49F512D4142B9573000FCA43 /* PrefAdvancedController.h */,
				49F512D5142B9573000FCA43 /* PrefAdvancedController.m */,
				49F512DE142BF9B6000FCA43 /* PrefGeneralController.h */,
				49F512DF142BF9B7000FCA43 /* PrefGeneralController.m */,
				49F512D7142B9582000FCA43 /* PrefThemesController.h */,
				49F512D8142B9582000FCA43 /* PrefThemesController.m */,
				49DEEEFD1428EEE600F97C1B /* PrefsWindowController.h */,
				49DEEEFE1428EEE600F97C1B /* PrefsWindowController.m */,
			);
			name = Prefs;
			sourceTree = "<group>";
		};
/* End PBXGroup section */

/* Begin PBXNativeTarget section */
		49080A1F1418EDA50092F580 /* Strawberry */ = {
			isa = PBXNativeTarget;
			buildConfigurationList = 49080A581418EDA70092F580 /* Build configuration list for PBXNativeTarget "Strawberry" */;
			buildPhases = (
				49080A1C1418EDA50092F580 /* Sources */,
				49080A1D1418EDA50092F580 /* Frameworks */,
				49080A1E1418EDA50092F580 /* Resources */,
				491A08041422ED3100959CFA /* CopyFiles */,
			);
			buildRules = (
			);
			dependencies = (
			);
			name = Strawberry;
			productName = Strawberry;
			productReference = 49080A201418EDA50092F580 /* Strawberry.app */;
			productType = "com.apple.product-type.application";
		};
		49080A461418EDA70092F580 /* StrawberryTests */ = {
			isa = PBXNativeTarget;
			buildConfigurationList = 49080A5B1418EDA70092F580 /* Build configuration list for PBXNativeTarget "StrawberryTests" */;
			buildPhases = (
				49080A421418EDA70092F580 /* Sources */,
				49080A431418EDA70092F580 /* Frameworks */,
				49080A441418EDA70092F580 /* Resources */,
				49080A451418EDA70092F580 /* ShellScript */,
			);
			buildRules = (
			);
			dependencies = (
				49080A4C1418EDA70092F580 /* PBXTargetDependency */,
			);
			name = StrawberryTests;
			productName = StrawberryTests;
			productReference = 49080A471418EDA70092F580 /* StrawberryTests.octest */;
			productType = "com.apple.product-type.bundle";
		};
/* End PBXNativeTarget section */

/* Begin PBXProject section */
		49080A171418EDA50092F580 /* Project object */ = {
			isa = PBXProject;
			attributes = {
				LastUpgradeCheck = 0420;
				ORGANIZATIONNAME = Apple;
			};
			buildConfigurationList = 49080A1A1418EDA50092F580 /* Build configuration list for PBXProject "Strawberry" */;
			compatibilityVersion = "Xcode 3.2";
			developmentRegion = English;
			hasScannedForEncodings = 0;
			knownRegions = (
				en,
			);
			mainGroup = 49080A151418EDA50092F580;
			productRefGroup = 49080A211418EDA50092F580 /* Products */;
			projectDirPath = "";
			projectRoot = "";
			targets = (
				49080A1F1418EDA50092F580 /* Strawberry */,
				49080A461418EDA70092F580 /* StrawberryTests */,
			);
		};
/* End PBXProject section */

/* Begin PBXResourcesBuildPhase section */
		49080A1E1418EDA50092F580 /* Resources */ = {
			isa = PBXResourcesBuildPhase;
			buildActionMask = 2147483647;
			files = (
				49080A2F1418EDA60092F580 /* InfoPlist.strings in Resources */,
				49080A351418EDA60092F580 /* Credits.rtf in Resources */,
				490BB582142641F400C447E4 /* MainIcon.icns in Resources */,
				49F512C8142B93C8000FCA43 /* Document.xib in Resources */,
				49F512C9142B93C8000FCA43 /* MainMenu.xib in Resources */,
				49F512CA142B93C8000FCA43 /* Project.xib in Resources */,
				49F512CE142B94DF000FCA43 /* PrefAdvanced.xib in Resources */,
				49F512CF142B94DF000FCA43 /* PrefGeneral.xib in Resources */,
				49F512D0142B94DF000FCA43 /* PrefThemes.xib in Resources */,
			);
			runOnlyForDeploymentPostprocessing = 0;
		};
		49080A441418EDA70092F580 /* Resources */ = {
			isa = PBXResourcesBuildPhase;
			buildActionMask = 2147483647;
			files = (
				49080A521418EDA70092F580 /* InfoPlist.strings in Resources */,
			);
			runOnlyForDeploymentPostprocessing = 0;
		};
/* End PBXResourcesBuildPhase section */

/* Begin PBXShellScriptBuildPhase section */
		49080A451418EDA70092F580 /* ShellScript */ = {
			isa = PBXShellScriptBuildPhase;
			buildActionMask = 2147483647;
			files = (
			);
			inputPaths = (
			);
			outputPaths = (
			);
			runOnlyForDeploymentPostprocessing = 0;
			shellPath = /bin/sh;
			shellScript = "# Run the unit tests in this test bundle.\n\"${SYSTEM_DEVELOPER_DIR}/Tools/RunUnitTests\"\n";
		};
/* End PBXShellScriptBuildPhase section */

/* Begin PBXSourcesBuildPhase section */
		49080A1C1418EDA50092F580 /* Sources */ = {
			isa = PBXSourcesBuildPhase;
			buildActionMask = 2147483647;
			files = (
				49080A311418EDA60092F580 /* main.m in Sources */,
				49080A381418EDA60092F580 /* Document.m in Sources */,
				49080A411418EDA60092F580 /* Document.xcdatamodeld in Sources */,
				490BB5791425488900C447E4 /* ProjectWindowController.m in Sources */,
				490BB57C1425494000C447E4 /* DocumentWindowController.m in Sources */,
				490BB57F1425496A00C447E4 /* DocumentController.m in Sources */,
				49DEEEE714280B3000F97C1B /* NoodleLineNumberMarker.m in Sources */,
				49DEEEE814280B3000F97C1B /* NoodleLineNumberView.m in Sources */,
				49DEEEEB14280C5000F97C1B /* MarkerLineNumberView.m in Sources */,
				4935BB6F142A2FCF00BE3F49 /* WindowController.m in Sources */,
				49DEEEFC1428EEAE00F97C1B /* DBPrefsWindowController.m in Sources */,
				49DEEEFF1428EEE600F97C1B /* PrefsWindowController.m in Sources */,
				49F5129A1428F5A1000FCA43 /* AppController.m in Sources */,
				4935BB7F142B78AF00BE3F49 /* LVColorWellCell.m in Sources */,
				49F512D6142B9573000FCA43 /* PrefAdvancedController.m in Sources */,
				49F512D9142B9582000FCA43 /* PrefThemesController.m in Sources */,
				49F512DC142B9653000FCA43 /* PrefController.m in Sources */,
				49F512E0142BF9B7000FCA43 /* PrefGeneralController.m in Sources */,
			);
			runOnlyForDeploymentPostprocessing = 0;
		};
		49080A421418EDA70092F580 /* Sources */ = {
			isa = PBXSourcesBuildPhase;
			buildActionMask = 2147483647;
			files = (
				49080A551418EDA70092F580 /* StrawberryTests.m in Sources */,
			);
			runOnlyForDeploymentPostprocessing = 0;
		};
/* End PBXSourcesBuildPhase section */

/* Begin PBXTargetDependency section */
		49080A4C1418EDA70092F580 /* PBXTargetDependency */ = {
			isa = PBXTargetDependency;
			target = 49080A1F1418EDA50092F580 /* Strawberry */;
			targetProxy = 49080A4B1418EDA70092F580 /* PBXContainerItemProxy */;
		};
/* End PBXTargetDependency section */

/* Begin PBXVariantGroup section */
		49080A2D1418EDA60092F580 /* InfoPlist.strings */ = {
			isa = PBXVariantGroup;
			children = (
				49080A2E1418EDA60092F580 /* en */,
			);
			name = InfoPlist.strings;
			sourceTree = "<group>";
		};
		49080A331418EDA60092F580 /* Credits.rtf */ = {
			isa = PBXVariantGroup;
			children = (
				49080A341418EDA60092F580 /* en */,
			);
			name = Credits.rtf;
			sourceTree = "<group>";
		};
		49080A501418EDA70092F580 /* InfoPlist.strings */ = {
			isa = PBXVariantGroup;
			children = (
				49080A511418EDA70092F580 /* en */,
			);
			name = InfoPlist.strings;
			sourceTree = "<group>";
		};
/* End PBXVariantGroup section */

/* Begin XCBuildConfiguration section */
		49080A561418EDA70092F580 /* Debug */ = {
			isa = XCBuildConfiguration;
			buildSettings = {
				ALWAYS_SEARCH_USER_PATHS = NO;
				ARCHS = "$(ARCHS_STANDARD_64_BIT)";
				CLANG_ENABLE_OBJC_ARC = YES;
				COPY_PHASE_STRIP = NO;
				GCC_C_LANGUAGE_STANDARD = gnu99;
				GCC_DYNAMIC_NO_PIC = NO;
				GCC_ENABLE_OBJC_EXCEPTIONS = YES;
				GCC_OPTIMIZATION_LEVEL = 0;
				GCC_PREPROCESSOR_DEFINITIONS = (
					"DEBUG=1",
					"$(inherited)",
				);
				GCC_SYMBOLS_PRIVATE_EXTERN = NO;
				GCC_VERSION = com.apple.compilers.llvm.clang.1_0;
				GCC_WARN_64_TO_32_BIT_CONVERSION = YES;
				GCC_WARN_ABOUT_MISSING_PROTOTYPES = YES;
				GCC_WARN_ABOUT_RETURN_TYPE = YES;
				GCC_WARN_UNUSED_VARIABLE = YES;
				MACOSX_DEPLOYMENT_TARGET = 10.7;
				ONLY_ACTIVE_ARCH = YES;
				SDKROOT = macosx;
			};
			name = Debug;
		};
		49080A571418EDA70092F580 /* Release */ = {
			isa = XCBuildConfiguration;
			buildSettings = {
				ALWAYS_SEARCH_USER_PATHS = NO;
				ARCHS = "$(ARCHS_STANDARD_64_BIT)";
				CLANG_ENABLE_OBJC_ARC = YES;
				COPY_PHASE_STRIP = YES;
				DEBUG_INFORMATION_FORMAT = "dwarf-with-dsym";
				GCC_C_LANGUAGE_STANDARD = gnu99;
				GCC_ENABLE_OBJC_EXCEPTIONS = YES;
				GCC_VERSION = com.apple.compilers.llvm.clang.1_0;
				GCC_WARN_64_TO_32_BIT_CONVERSION = YES;
				GCC_WARN_ABOUT_MISSING_PROTOTYPES = YES;
				GCC_WARN_ABOUT_RETURN_TYPE = YES;
				GCC_WARN_UNUSED_VARIABLE = YES;
				MACOSX_DEPLOYMENT_TARGET = 10.7;
				SDKROOT = macosx;
			};
			name = Release;
		};
		49080A591418EDA70092F580 /* Debug */ = {
			isa = XCBuildConfiguration;
			buildSettings = {
				CLANG_ENABLE_OBJC_ARC = NO;
				FRAMEWORK_SEARCH_PATHS = (
					"$(inherited)",
					"\"$(SRCROOT)/Frameworks\"",
				);
				GCC_PRECOMPILE_PREFIX_HEADER = YES;
				GCC_PREFIX_HEADER = "Strawberry/Strawberry-Prefix.pch";
				INFOPLIST_FILE = "Strawberry/Strawberry-Info.plist";
				PRODUCT_NAME = "$(TARGET_NAME)";
				WRAPPER_EXTENSION = app;
			};
			name = Debug;
		};
		49080A5A1418EDA70092F580 /* Release */ = {
			isa = XCBuildConfiguration;
			buildSettings = {
				CLANG_ENABLE_OBJC_ARC = NO;
				FRAMEWORK_SEARCH_PATHS = (
					"$(inherited)",
					"\"$(SRCROOT)/Frameworks\"",
				);
				GCC_PRECOMPILE_PREFIX_HEADER = YES;
				GCC_PREFIX_HEADER = "Strawberry/Strawberry-Prefix.pch";
				INFOPLIST_FILE = "Strawberry/Strawberry-Info.plist";
				PRODUCT_NAME = "$(TARGET_NAME)";
				WRAPPER_EXTENSION = app;
			};
			name = Release;
		};
		49080A5C1418EDA70092F580 /* Debug */ = {
			isa = XCBuildConfiguration;
			buildSettings = {
				BUNDLE_LOADER = "$(BUILT_PRODUCTS_DIR)/Strawberry.app/Contents/MacOS/Strawberry";
				FRAMEWORK_SEARCH_PATHS = "$(DEVELOPER_LIBRARY_DIR)/Frameworks";
				GCC_PRECOMPILE_PREFIX_HEADER = YES;
				GCC_PREFIX_HEADER = "Strawberry/Strawberry-Prefix.pch";
				INFOPLIST_FILE = "StrawberryTests/StrawberryTests-Info.plist";
				PRODUCT_NAME = "$(TARGET_NAME)";
				TEST_HOST = "$(BUNDLE_LOADER)";
				WRAPPER_EXTENSION = octest;
			};
			name = Debug;
		};
		49080A5D1418EDA70092F580 /* Release */ = {
			isa = XCBuildConfiguration;
			buildSettings = {
				BUNDLE_LOADER = "$(BUILT_PRODUCTS_DIR)/Strawberry.app/Contents/MacOS/Strawberry";
				FRAMEWORK_SEARCH_PATHS = "$(DEVELOPER_LIBRARY_DIR)/Frameworks";
				GCC_PRECOMPILE_PREFIX_HEADER = YES;
				GCC_PREFIX_HEADER = "Strawberry/Strawberry-Prefix.pch";
				INFOPLIST_FILE = "StrawberryTests/StrawberryTests-Info.plist";
				PRODUCT_NAME = "$(TARGET_NAME)";
				TEST_HOST = "$(BUNDLE_LOADER)";
				WRAPPER_EXTENSION = octest;
			};
			name = Release;
		};
/* End XCBuildConfiguration section */

/* Begin XCConfigurationList section */
		49080A1A1418EDA50092F580 /* Build configuration list for PBXProject "Strawberry" */ = {
			isa = XCConfigurationList;
			buildConfigurations = (
				49080A561418EDA70092F580 /* Debug */,
				49080A571418EDA70092F580 /* Release */,
			);
			defaultConfigurationIsVisible = 0;
			defaultConfigurationName = Release;
		};
		49080A581418EDA70092F580 /* Build configuration list for PBXNativeTarget "Strawberry" */ = {
			isa = XCConfigurationList;
			buildConfigurations = (
				49080A591418EDA70092F580 /* Debug */,
				49080A5A1418EDA70092F580 /* Release */,
			);
			defaultConfigurationIsVisible = 0;
			defaultConfigurationName = Release;
		};
		49080A5B1418EDA70092F580 /* Build configuration list for PBXNativeTarget "StrawberryTests" */ = {
			isa = XCConfigurationList;
			buildConfigurations = (
				49080A5C1418EDA70092F580 /* Debug */,
				49080A5D1418EDA70092F580 /* Release */,
			);
			defaultConfigurationIsVisible = 0;
			defaultConfigurationName = Release;
		};
/* End XCConfigurationList section */

/* Begin XCVersionGroup section */
		49080A3F1418EDA60092F580 /* Document.xcdatamodeld */ = {
			isa = XCVersionGroup;
			children = (
				49080A401418EDA60092F580 /* Document.xcdatamodel */,
			);
			currentVersion = 49080A401418EDA60092F580 /* Document.xcdatamodel */;
			path = Document.xcdatamodeld;
			sourceTree = "<group>";
			versionGroupType = wrapper.xcdatamodel;
		};
/* End XCVersionGroup section */
	};
	rootObject = 49080A171418EDA50092F580 /* Project object */;
}
